
Microsoft Visual Studio Solution File, Format Version 12.00
# Visual Studio Version 17
VisualStudioVersion = 17.6.33829.357
MinimumVisualStudioVersion = 10.0.40219.1
Project("{FAE04EC0-301F-11D3-BF4B-00C04F79EFBC}") = "DapperExample_erik", "DapperExample_erik\DapperExample_erik.csproj", "{3738111C-EF97-410E-BAD8-9ACD249E61DF}"
EndProject
Global
	GlobalSection(SolutionConfigurationPlatforms) = preSolution
		Debug|Any CPU = Debug|Any CPU
		Release|Any CPU = Release|Any CPU
	EndGlobalSection
	GlobalSection(ProjectConfigurationPlatforms) = postSolution
		{3738111C-EF97-410E-BAD8-9ACD249E61DF}.Debug|Any CPU.ActiveCfg = Debug|Any CPU
		{3738111C-EF97-410E-BAD8-9ACD249E61DF}.Debug|Any CPU.Build.0 = Debug|Any CPU
		{3738111C-EF97-410E-BAD8-9ACD249E61DF}.Release|Any CPU.ActiveCfg = Release|Any CPU
		{3738111C-EF97-410E-BAD8-9ACD249E61DF}.Release|Any CPU.Build.0 = Release|Any CPU
	EndGlobalSection
	GlobalSection(SolutionProperties) = preSolution
		HideSolutionNode = FALSE
	EndGlobalSection
	GlobalSection(ExtensibilityGlobals) = postSolution
		SolutionGuid = {F558A861-9FEC-48AD-AA75-7C3A01B750B7}
	EndGlobalSection
EndGlobal
